
Microsoft Visual Studio Solution File, Format Version 12.00
# Visual Studio 2012
Project("{FAE04EC0-301F-11D3-BF4B-00C04F79EFBC}") = "InversionOfControl", "InversionOfControl\InversionOfControl.csproj", "{E48BD203-1E0C-4DED-99E7-37518C9AD15F}"
EndProject
Project("{FAE04EC0-301F-11D3-BF4B-00C04F79EFBC}") = "InversionOfControl.Web", "InversionOfControl.Web\InversionOfControl.Web.csproj", "{39072DEA-167A-40DA-9CBE-11FF1475C9F7}"
EndProject
Global
	GlobalSection(SolutionConfigurationPlatforms) = preSolution
		Debug|Any CPU = Debug|Any CPU
		Release|Any CPU = Release|Any CPU
	EndGlobalSection
	GlobalSection(ProjectConfigurationPlatforms) = postSolution
		{E48BD203-1E0C-4DED-99E7-37518C9AD15F}.Debug|Any CPU.ActiveCfg = Debug|Any CPU
		{E48BD203-1E0C-4DED-99E7-37518C9AD15F}.Debug|Any CPU.Build.0 = Debug|Any CPU
		{E48BD203-1E0C-4DED-99E7-37518C9AD15F}.Release|Any CPU.ActiveCfg = Release|Any CPU
		{E48BD203-1E0C-4DED-99E7-37518C9AD15F}.Release|Any CPU.Build.0 = Release|Any CPU
		{39072DEA-167A-40DA-9CBE-11FF1475C9F7}.Debug|Any CPU.ActiveCfg = Debug|Any CPU
		{39072DEA-167A-40DA-9CBE-11FF1475C9F7}.Debug|Any CPU.Build.0 = Debug|Any CPU
		{39072DEA-167A-40DA-9CBE-11FF1475C9F7}.Release|Any CPU.ActiveCfg = Release|Any CPU
		{39072DEA-167A-40DA-9CBE-11FF1475C9F7}.Release|Any CPU.Build.0 = Release|Any CPU
	EndGlobalSection
	GlobalSection(SolutionProperties) = preSolution
		HideSolutionNode = FALSE
	EndGlobalSection
EndGlobal
